
Microsoft Visual Studio Solution File, Format Version 12.00
# Visual Studio 2013
VisualStudioVersion = 12.0.31101.0
MinimumVisualStudioVersion = 10.0.40219.1
Project("{FAE04EC0-301F-11D3-BF4B-00C04F79EFBC}") = "Wildflower.Consul", "Wildflower.Consul\Wildflower.Consul.csproj", "{3DBDDDF9-23AF-4970-BAFE-0342250DEA24}"
EndProject
Project("{FAE04EC0-301F-11D3-BF4B-00C04F79EFBC}") = "Wildflower.Consul.Tests", "Wildflower.Consul.Tests\Wildflower.Consul.Tests.csproj", "{DE18A9AD-2BB0-4A87-9D96-8E2D53A9BF90}"
EndProject
Project("{FAE04EC0-301F-11D3-BF4B-00C04F79EFBC}") = "Wildflower.Consul.Cli", "Wildflower.Consul.Cli\Wildflower.Consul.Cli.csproj", "{5D5EA1AE-254F-4816-9B37-D77DF702A120}"
EndProject
Global
	GlobalSection(SolutionConfigurationPlatforms) = preSolution
		Debug|Any CPU = Debug|Any CPU
		Release|Any CPU = Release|Any CPU
	EndGlobalSection
	GlobalSection(ProjectConfigurationPlatforms) = postSolution
		{3DBDDDF9-23AF-4970-BAFE-0342250DEA24}.Debug|Any CPU.ActiveCfg = Debug|Any CPU
		{3DBDDDF9-23AF-4970-BAFE-0342250DEA24}.Debug|Any CPU.Build.0 = Debug|Any CPU
		{3DBDDDF9-23AF-4970-BAFE-0342250DEA24}.Release|Any CPU.ActiveCfg = Release|Any CPU
		{3DBDDDF9-23AF-4970-BAFE-0342250DEA24}.Release|Any CPU.Build.0 = Release|Any CPU
		{DE18A9AD-2BB0-4A87-9D96-8E2D53A9BF90}.Debug|Any CPU.ActiveCfg = Debug|Any CPU
		{DE18A9AD-2BB0-4A87-9D96-8E2D53A9BF90}.Debug|Any CPU.Build.0 = Debug|Any CPU
		{DE18A9AD-2BB0-4A87-9D96-8E2D53A9BF90}.Release|Any CPU.ActiveCfg = Release|Any CPU
		{DE18A9AD-2BB0-4A87-9D96-8E2D53A9BF90}.Release|Any CPU.Build.0 = Release|Any CPU
		{5D5EA1AE-254F-4816-9B37-D77DF702A120}.Debug|Any CPU.ActiveCfg = Debug|Any CPU
		{5D5EA1AE-254F-4816-9B37-D77DF702A120}.Debug|Any CPU.Build.0 = Debug|Any CPU
		{5D5EA1AE-254F-4816-9B37-D77DF702A120}.Release|Any CPU.ActiveCfg = Release|Any CPU
		{5D5EA1AE-254F-4816-9B37-D77DF702A120}.Release|Any CPU.Build.0 = Release|Any CPU
	EndGlobalSection
	GlobalSection(SolutionProperties) = preSolution
		HideSolutionNode = FALSE
	EndGlobalSection
EndGlobal
